
Microsoft Visual Studio Solution File, Format Version 12.00
# Visual Studio Version 17
VisualStudioVersion = 17.9.34728.123
MinimumVisualStudioVersion = 10.0.40219.1
Project("{9A19103F-16F7-4668-BE54-9A1E7A4F7556}") = "MudCake.core", "MudCake.core.csproj", "{91AB4FE7-79B9-4FD8-84F1-0F99E531D795}"
EndProject
Global
	GlobalSection(SolutionConfigurationPlatforms) = preSolution
		Debug|Any CPU = Debug|Any CPU
		Release|Any CPU = Release|Any CPU
	EndGlobalSection
	GlobalSection(ProjectConfigurationPlatforms) = postSolution
		{91AB4FE7-79B9-4FD8-84F1-0F99E531D795}.Debug|Any CPU.ActiveCfg = Debug|Any CPU
		{91AB4FE7-79B9-4FD8-84F1-0F99E531D795}.Debug|Any CPU.Build.0 = Debug|Any CPU
		{91AB4FE7-79B9-4FD8-84F1-0F99E531D795}.Release|Any CPU.ActiveCfg = Release|Any CPU
		{91AB4FE7-79B9-4FD8-84F1-0F99E531D795}.Release|Any CPU.Build.0 = Release|Any CPU
	EndGlobalSection
	GlobalSection(SolutionProperties) = preSolution
		HideSolutionNode = FALSE
	EndGlobalSection
	GlobalSection(ExtensibilityGlobals) = postSolution
		SolutionGuid = {3AA3F5B5-BBCF-4448-9F9E-D08EE31595CC}
	EndGlobalSection
EndGlobal
